
Microsoft Visual Studio Solution File, Format Version 12.00
# Visual Studio Version 16
VisualStudioVersion = 16.0.31702.278
MinimumVisualStudioVersion = 10.0.40219.1
Project("{FAE04EC0-301F-11D3-BF4B-00C04F79EFBC}") = "exp_5_Controller", "exp_5_Controller\exp_5_Controller.csproj", "{7C67B21C-42F2-4EE4-B799-C50F4F597505}"
EndProject
Global
	GlobalSection(SolutionConfigurationPlatforms) = preSolution
		Debug|Any CPU = Debug|Any CPU
		Release|Any CPU = Release|Any CPU
	EndGlobalSection
	GlobalSection(ProjectConfigurationPlatforms) = postSolution
		{7C67B21C-42F2-4EE4-B799-C50F4F597505}.Debug|Any CPU.ActiveCfg = Debug|Any CPU
		{7C67B21C-42F2-4EE4-B799-C50F4F597505}.Debug|Any CPU.Build.0 = Debug|Any CPU
		{7C67B21C-42F2-4EE4-B799-C50F4F597505}.Release|Any CPU.ActiveCfg = Release|Any CPU
		{7C67B21C-42F2-4EE4-B799-C50F4F597505}.Release|Any CPU.Build.0 = Release|Any CPU
	EndGlobalSection
	GlobalSection(SolutionProperties) = preSolution
		HideSolutionNode = FALSE
	EndGlobalSection
	GlobalSection(ExtensibilityGlobals) = postSolution
		SolutionGuid = {BAEA73B4-2487-4930-8991-B9E44A3B1E13}
	EndGlobalSection
EndGlobal
